{
  "version": 4,
  "terraform_version": "1.1.6",
  "serial": 30,
  "lineage": "0979a8d3-3b97-db7f-6e35-57c5f42af065",
  "outputs": {
    "external_ip_address_node01_yandex_cloud": {
      "value": "51.250.1.64",
      "type": "string"
    },
    "internal_ip_address_node01_yandex_cloud": {
      "value": "192.168.101.25",
      "type": "string"
    }
  },
  "resources": [
    {
      "mode": "managed",
      "type": "yandex_compute_instance",
      "name": "node01",
      "provider": "provider[\"registry.terraform.io/yandex-cloud/yandex\"]",
      "instances": [
        {
          "schema_version": 1,
          "attributes": {
            "allow_stopping_for_update": true,
            "boot_disk": [
              {
                "auto_delete": true,
                "device_name": "fhma81udb6isqert0fk7",
                "disk_id": "fhma81udb6isqert0fk7",
                "initialize_params": [
                  {
                    "block_size": 4096,
                    "description": "",
                    "image_id": "fd83al1f7oul8j1g3p5f",
                    "name": "root-node01",
                    "size": 50,
                    "snapshot_id": "",
                    "type": "network-ssd"
                  }
                ],
                "mode": "READ_WRITE"
              }
            ],
            "created_at": "2022-06-21T13:12:40Z",
            "description": "",
            "folder_id": "b1g7s4qb8hqp6g3qjesb",
            "fqdn": "node01.netology.cloud",
            "hostname": "node01",
            "id": "fhmhnlbktt919er237df",
            "labels": null,
            "metadata": {
              "ssh-keys": "centos:ssh-rsa AAAAB3NzaC1yc2EAAAADAQABAAABgQDJU8/JNns99Sfx1OaLU/4H5/OmMxN/Puh2uS+ffPa7vkWrzBa3Cdnr5xw9r+QDKiell/EI+0k/C5IODg8dwYwn4txBjh3cka1LatKI8i7rlMabCkHlopbRF4POVt1RfCMyoJTzwavhW7GyTEK+d7VUplRbHhb5b6Ui/XlMH28fCgZKXHsaYvqa8auPb2vkVNxGZmDtYof5XHB/uEPy0tCQdDt2IEWMgd1KmjqoVYRphnXjx96ysAtDbdfXzlpt8fLgGuvIO8v1bscP0opmBKyQi7MjDPW2ABVy5MAg7X0jDhMPuYC6iO7hb13GYTEyAncIOs0aG8cdCL/zEVszlSBcXBpRCo5RmMG/Jl4vZjvJAEnWoqUNQUDDx7beJKWxtV+3/ic+ouY4YJZWfvJHWeP1Wb4pzpIErxli9wQae6WgtR13McW7VouI97OdMEVaeA48WdIA7PF7InPIJQehATRlmZV7OIN2rC1SHhyBCpdb8msAJ0Z8YaHmaYQMeYu5Ug8= k0pec@k0pec-ub\n"
            },
            "name": "node01",
            "network_acceleration_type": "standard",
            "network_interface": [
              {
                "dns_record": [],
                "index": 0,
                "ip_address": "192.168.101.25",
                "ipv4": true,
                "ipv6": false,
                "ipv6_address": "",
                "ipv6_dns_record": [],
                "mac_address": "d0:0d:11:bd:57:4e",
                "nat": true,
                "nat_dns_record": [],
                "nat_ip_address": "51.250.1.64",
                "nat_ip_version": "IPV4",
                "security_group_ids": [],
                "subnet_id": "e9be7vq0jenij8vaov8s"
              }
            ],
            "placement_policy": [
              {
                "placement_group_id": ""
              }
            ],
            "platform_id": "standard-v1",
            "resources": [
              {
                "core_fraction": 100,
                "cores": 8,
                "gpus": 0,
                "memory": 8
              }
            ],
            "scheduling_policy": [
              {
                "preemptible": false
              }
            ],
            "secondary_disk": [],
            "service_account_id": "",
            "status": "running",
            "timeouts": null,
            "zone": "ru-central1-a"
          },
          "sensitive_attributes": [],
          "private": "eyJlMmJmYjczMC1lY2FhLTExZTYtOGY4OC0zNDM2M2JjN2M0YzAiOnsiY3JlYXRlIjozMDAwMDAwMDAwMDAsImRlbGV0ZSI6MzAwMDAwMDAwMDAwLCJ1cGRhdGUiOjMwMDAwMDAwMDAwMH0sInNjaGVtYV92ZXJzaW9uIjoiMSJ9",
          "dependencies": [
            "yandex_vpc_subnet.default"
          ]
        }
      ]
    },
    {
      "mode": "managed",
      "type": "yandex_vpc_network",
      "name": "default",
      "provider": "provider[\"registry.terraform.io/yandex-cloud/yandex\"]",
      "instances": [
        {
          "schema_version": 0,
          "attributes": {
            "created_at": "2022-06-21T13:11:52Z",
            "default_security_group_id": "",
            "description": "",
            "folder_id": "b1g7s4qb8hqp6g3qjesb",
            "id": "enp7d48ndt67817htgn7",
            "labels": {},
            "name": "net",
            "subnet_ids": [
              "e9be7vq0jenij8vaov8s"
            ],
            "timeouts": null
          },
          "sensitive_attributes": [],
          "private": "eyJlMmJmYjczMC1lY2FhLTExZTYtOGY4OC0zNDM2M2JjN2M0YzAiOnsiY3JlYXRlIjo2MDAwMDAwMDAwMCwiZGVsZXRlIjo2MDAwMDAwMDAwMCwidXBkYXRlIjo2MDAwMDAwMDAwMH19"
        }
      ]
    },
    {
      "mode": "managed",
      "type": "yandex_vpc_subnet",
      "name": "default",
      "provider": "provider[\"registry.terraform.io/yandex-cloud/yandex\"]",
      "instances": [
        {
          "schema_version": 0,
          "attributes": {
            "created_at": "2022-06-21T13:11:53Z",
            "description": "",
            "dhcp_options": [],
            "folder_id": "b1g7s4qb8hqp6g3qjesb",
            "id": "e9be7vq0jenij8vaov8s",
            "labels": {},
            "name": "subnet",
            "network_id": "enp7d48ndt67817htgn7",
            "route_table_id": "",
            "timeouts": null,
            "v4_cidr_blocks": [
              "192.168.101.0/24"
            ],
            "v6_cidr_blocks": [],
            "zone": "ru-central1-a"
          },
          "sensitive_attributes": [],
          "private": "eyJlMmJmYjczMC1lY2FhLTExZTYtOGY4OC0zNDM2M2JjN2M0YzAiOnsiY3JlYXRlIjoxODAwMDAwMDAwMDAsImRlbGV0ZSI6MTgwMDAwMDAwMDAwLCJ1cGRhdGUiOjE4MDAwMDAwMDAwMH19",
          "dependencies": [
            "yandex_vpc_network.default"
          ]
        }
      ]
    }
  ]
}
