{
  "version": 4,
  "terraform_version": "1.1.5",
  "serial": 14,
  "lineage": "8868ef04-a970-9b75-82ab-0413cc8a1cb6",
  "outputs": {
    "external_ip_address_node01": {
      "value": "178.154.204.181",
      "type": "string"
    },
    "external_ip_address_node02": {
      "value": "178.154.200.187",
      "type": "string"
    },
    "external_ip_address_node03": {
      "value": "130.193.50.238",
      "type": "string"
    },
    "external_ip_address_node04": {
      "value": "178.154.203.139",
      "type": "string"
    },
    "external_ip_address_node05": {
      "value": "84.201.133.42",
      "type": "string"
    },
    "external_ip_address_node06": {
      "value": "84.201.159.80",
      "type": "string"
    },
    "internal_ip_address_node01": {
      "value": "192.168.101.11",
      "type": "string"
    },
    "internal_ip_address_node02": {
      "value": "192.168.101.12",
      "type": "string"
    },
    "internal_ip_address_node03": {
      "value": "192.168.101.13",
      "type": "string"
    },
    "internal_ip_address_node04": {
      "value": "192.168.101.14",
      "type": "string"
    },
    "internal_ip_address_node05": {
      "value": "192.168.101.15",
      "type": "string"
    },
    "internal_ip_address_node06": {
      "value": "192.168.101.16",
      "type": "string"
    }
  },
  "resources": [
    {
      "mode": "managed",
      "type": "local_file",
      "name": "inventory",
      "provider": "provider[\"registry.terraform.io/hashicorp/local\"]",
      "instances": [
        {
          "schema_version": 0,
          "attributes": {
            "content": "# Ansible inventory containing variable values from Terraform.\n# Generated by Terraform.\n\n[nodes:children]\nmanagers\nworkers\n\n[managers:children]\nactive\nstandby\n\n[active]\nnode01.netology.yc ansible_host=178.154.204.181\n\n[standby]\nnode02.netology.yc ansible_host=178.154.200.187\nnode03.netology.yc ansible_host=130.193.50.238\n\n[workers]\nnode04.netology.yc ansible_host=178.154.203.139\nnode05.netology.yc ansible_host=84.201.133.42\nnode06.netology.yc ansible_host=84.201.159.80\n",
            "content_base64": null,
            "directory_permission": "0777",
            "file_permission": "0777",
            "filename": "../ansible/inventory",
            "id": "fb41d1cfafb5101062edc3f94086e005dad4f4e4",
            "sensitive_content": null,
            "source": null
          },
          "sensitive_attributes": [],
          "private": "bnVsbA==",
          "dependencies": [
            "yandex_compute_instance.node01",
            "yandex_compute_instance.node02",
            "yandex_compute_instance.node03",
            "yandex_compute_instance.node04",
            "yandex_compute_instance.node05",
            "yandex_compute_instance.node06",
            "yandex_vpc_network.default",
            "yandex_vpc_subnet.default"
          ]
        }
      ]
    },
    {
      "mode": "managed",
      "type": "null_resource",
      "name": "cluster",
      "provider": "provider[\"registry.terraform.io/hashicorp/null\"]",
      "instances": [
        {
          "schema_version": 0,
          "attributes": {
            "id": "5469411516228653901",
            "triggers": null
          },
          "sensitive_attributes": [],
          "private": "bnVsbA==",
          "dependencies": [
            "local_file.inventory",
            "null_resource.wait",
            "yandex_compute_instance.node01",
            "yandex_compute_instance.node02",
            "yandex_compute_instance.node03",
            "yandex_compute_instance.node04",
            "yandex_compute_instance.node05",
            "yandex_compute_instance.node06",
            "yandex_vpc_network.default",
            "yandex_vpc_subnet.default"
          ]
        }
      ]
    },
    {
      "mode": "managed",
      "type": "null_resource",
      "name": "monitoring",
      "provider": "provider[\"registry.terraform.io/hashicorp/null\"]",
      "instances": [
        {
          "schema_version": 0,
          "attributes": {
            "id": "8855789657733145601",
            "triggers": null
          },
          "sensitive_attributes": [],
          "private": "bnVsbA==",
          "dependencies": [
            "local_file.inventory",
            "null_resource.cluster",
            "null_resource.sync",
            "null_resource.wait",
            "yandex_compute_instance.node01",
            "yandex_compute_instance.node02",
            "yandex_compute_instance.node03",
            "yandex_compute_instance.node04",
            "yandex_compute_instance.node05",
            "yandex_compute_instance.node06",
            "yandex_vpc_network.default",
            "yandex_vpc_subnet.default"
          ]
        }
      ]
    },
    {
      "mode": "managed",
      "type": "null_resource",
      "name": "sync",
      "provider": "provider[\"registry.terraform.io/hashicorp/null\"]",
      "instances": [
        {
          "schema_version": 0,
          "attributes": {
            "id": "8243762389452887432",
            "triggers": null
          },
          "sensitive_attributes": [],
          "private": "bnVsbA==",
          "dependencies": [
            "local_file.inventory",
            "null_resource.cluster",
            "null_resource.wait",
            "yandex_compute_instance.node01",
            "yandex_compute_instance.node02",
            "yandex_compute_instance.node03",
            "yandex_compute_instance.node04",
            "yandex_compute_instance.node05",
            "yandex_compute_instance.node06",
            "yandex_vpc_network.default",
            "yandex_vpc_subnet.default"
          ]
        }
      ]
    },
    {
      "mode": "managed",
      "type": "null_resource",
      "name": "wait",
      "provider": "provider[\"registry.terraform.io/hashicorp/null\"]",
      "instances": [
        {
          "schema_version": 0,
          "attributes": {
            "id": "6354941659148203087",
            "triggers": null
          },
          "sensitive_attributes": [],
          "private": "bnVsbA==",
          "dependencies": [
            "local_file.inventory",
            "yandex_compute_instance.node01",
            "yandex_compute_instance.node02",
            "yandex_compute_instance.node03",
            "yandex_compute_instance.node04",
            "yandex_compute_instance.node05",
            "yandex_compute_instance.node06",
            "yandex_vpc_network.default",
            "yandex_vpc_subnet.default"
          ]
        }
      ]
    },
    {
      "mode": "managed",
      "type": "yandex_compute_instance",
      "name": "node01",
      "provider": "provider[\"registry.terraform.io/yandex-cloud/yandex\"]",
      "instances": [
        {
          "schema_version": 1,
          "attributes": {
            "allow_stopping_for_update": true,
            "boot_disk": [
              {
                "auto_delete": true,
                "device_name": "fhm6p4kn41osgj6g7ihm",
                "disk_id": "fhm6p4kn41osgj6g7ihm",
                "initialize_params": [
                  {
                    "block_size": 4096,
                    "description": "",
                    "image_id": "fd8f4m9go0j0tmrb7shu",
                    "name": "root-node01",
                    "size": 10,
                    "snapshot_id": "",
                    "type": "network-ssd"
                  }
                ],
                "mode": "READ_WRITE"
              }
            ],
            "created_at": "2022-02-13T18:24:03Z",
            "description": "",
            "folder_id": "b1g7s4qb8hqp6g3qjesb",
            "fqdn": "node01.netology.yc",
            "hostname": "node01",
            "id": "fhmu68g3rfhuvp2lj08q",
            "labels": null,
            "metadata": {
              "ssh-keys": "centos:ssh-rsa AAAAB3NzaC1yc2EAAAADAQABAAABgQDJU8/JNns99Sfx1OaLU/4H5/OmMxN/Puh2uS+ffPa7vkWrzBa3Cdnr5xw9r+QDKiell/EI+0k/C5IODg8dwYwn4txBjh3cka1LatKI8i7rlMabCkHlopbRF4POVt1RfCMyoJTzwavhW7GyTEK+d7VUplRbHhb5b6Ui/XlMH28fCgZKXHsaYvqa8auPb2vkVNxGZmDtYof5XHB/uEPy0tCQdDt2IEWMgd1KmjqoVYRphnXjx96ysAtDbdfXzlpt8fLgGuvIO8v1bscP0opmBKyQi7MjDPW2ABVy5MAg7X0jDhMPuYC6iO7hb13GYTEyAncIOs0aG8cdCL/zEVszlSBcXBpRCo5RmMG/Jl4vZjvJAEnWoqUNQUDDx7beJKWxtV+3/ic+ouY4YJZWfvJHWeP1Wb4pzpIErxli9wQae6WgtR13McW7VouI97OdMEVaeA48WdIA7PF7InPIJQehATRlmZV7OIN2rC1SHhyBCpdb8msAJ0Z8YaHmaYQMeYu5Ug8= k0pec@k0pec-ub\n"
            },
            "name": "node01",
            "network_acceleration_type": "standard",
            "network_interface": [
              {
                "dns_record": [],
                "index": 0,
                "ip_address": "192.168.101.11",
                "ipv4": true,
                "ipv6": false,
                "ipv6_address": "",
                "ipv6_dns_record": [],
                "mac_address": "d0:0d:1e:32:20:3d",
                "nat": true,
                "nat_dns_record": [],
                "nat_ip_address": "178.154.204.181",
                "nat_ip_version": "IPV4",
                "security_group_ids": [],
                "subnet_id": "e9bsrjafl2fu968403rj"
              }
            ],
            "placement_policy": [
              {
                "placement_group_id": ""
              }
            ],
            "platform_id": "standard-v1",
            "resources": [
              {
                "core_fraction": 100,
                "cores": 4,
                "gpus": 0,
                "memory": 8
              }
            ],
            "scheduling_policy": [
              {
                "preemptible": false
              }
            ],
            "secondary_disk": [],
            "service_account_id": "",
            "status": "running",
            "timeouts": null,
            "zone": "ru-central1-a"
          },
          "sensitive_attributes": [],
          "private": "eyJlMmJmYjczMC1lY2FhLTExZTYtOGY4OC0zNDM2M2JjN2M0YzAiOnsiY3JlYXRlIjozMDAwMDAwMDAwMDAsImRlbGV0ZSI6MzAwMDAwMDAwMDAwLCJ1cGRhdGUiOjMwMDAwMDAwMDAwMH0sInNjaGVtYV92ZXJzaW9uIjoiMSJ9",
          "dependencies": [
            "yandex_vpc_network.default",
            "yandex_vpc_subnet.default"
          ]
        }
      ]
    },
    {
      "mode": "managed",
      "type": "yandex_compute_instance",
      "name": "node02",
      "provider": "provider[\"registry.terraform.io/yandex-cloud/yandex\"]",
      "instances": [
        {
          "schema_version": 1,
          "attributes": {
            "allow_stopping_for_update": true,
            "boot_disk": [
              {
                "auto_delete": true,
                "device_name": "fhmqs9a75dkqpd932v5m",
                "disk_id": "fhmqs9a75dkqpd932v5m",
                "initialize_params": [
                  {
                    "block_size": 4096,
                    "description": "",
                    "image_id": "fd8f4m9go0j0tmrb7shu",
                    "name": "root-node02",
                    "size": 10,
                    "snapshot_id": "",
                    "type": "network-ssd"
                  }
                ],
                "mode": "READ_WRITE"
              }
            ],
            "created_at": "2022-02-13T18:24:03Z",
            "description": "",
            "folder_id": "b1g7s4qb8hqp6g3qjesb",
            "fqdn": "node02.netology.yc",
            "hostname": "node02",
            "id": "fhmmrlqnmlt5ck304dvn",
            "labels": null,
            "metadata": {
              "ssh-keys": "centos:ssh-rsa AAAAB3NzaC1yc2EAAAADAQABAAABgQDJU8/JNns99Sfx1OaLU/4H5/OmMxN/Puh2uS+ffPa7vkWrzBa3Cdnr5xw9r+QDKiell/EI+0k/C5IODg8dwYwn4txBjh3cka1LatKI8i7rlMabCkHlopbRF4POVt1RfCMyoJTzwavhW7GyTEK+d7VUplRbHhb5b6Ui/XlMH28fCgZKXHsaYvqa8auPb2vkVNxGZmDtYof5XHB/uEPy0tCQdDt2IEWMgd1KmjqoVYRphnXjx96ysAtDbdfXzlpt8fLgGuvIO8v1bscP0opmBKyQi7MjDPW2ABVy5MAg7X0jDhMPuYC6iO7hb13GYTEyAncIOs0aG8cdCL/zEVszlSBcXBpRCo5RmMG/Jl4vZjvJAEnWoqUNQUDDx7beJKWxtV+3/ic+ouY4YJZWfvJHWeP1Wb4pzpIErxli9wQae6WgtR13McW7VouI97OdMEVaeA48WdIA7PF7InPIJQehATRlmZV7OIN2rC1SHhyBCpdb8msAJ0Z8YaHmaYQMeYu5Ug8= k0pec@k0pec-ub\n"
            },
            "name": "node02",
            "network_acceleration_type": "standard",
            "network_interface": [
              {
                "dns_record": [],
                "index": 0,
                "ip_address": "192.168.101.12",
                "ipv4": true,
                "ipv6": false,
                "ipv6_address": "",
                "ipv6_dns_record": [],
                "mac_address": "d0:0d:16:dd:75:7b",
                "nat": true,
                "nat_dns_record": [],
                "nat_ip_address": "178.154.200.187",
                "nat_ip_version": "IPV4",
                "security_group_ids": [],
                "subnet_id": "e9bsrjafl2fu968403rj"
              }
            ],
            "placement_policy": [
              {
                "placement_group_id": ""
              }
            ],
            "platform_id": "standard-v1",
            "resources": [
              {
                "core_fraction": 100,
                "cores": 4,
                "gpus": 0,
                "memory": 8
              }
            ],
            "scheduling_policy": [
              {
                "preemptible": false
              }
            ],
            "secondary_disk": [],
            "service_account_id": "",
            "status": "running",
            "timeouts": null,
            "zone": "ru-central1-a"
          },
          "sensitive_attributes": [],
          "private": "eyJlMmJmYjczMC1lY2FhLTExZTYtOGY4OC0zNDM2M2JjN2M0YzAiOnsiY3JlYXRlIjozMDAwMDAwMDAwMDAsImRlbGV0ZSI6MzAwMDAwMDAwMDAwLCJ1cGRhdGUiOjMwMDAwMDAwMDAwMH0sInNjaGVtYV92ZXJzaW9uIjoiMSJ9",
          "dependencies": [
            "yandex_vpc_network.default",
            "yandex_vpc_subnet.default"
          ]
        }
      ]
    },
    {
      "mode": "managed",
      "type": "yandex_compute_instance",
      "name": "node03",
      "provider": "provider[\"registry.terraform.io/yandex-cloud/yandex\"]",
      "instances": [
        {
          "schema_version": 1,
          "attributes": {
            "allow_stopping_for_update": true,
            "boot_disk": [
              {
                "auto_delete": true,
                "device_name": "fhm9o714n9bjtbaekir6",
                "disk_id": "fhm9o714n9bjtbaekir6",
                "initialize_params": [
                  {
                    "block_size": 4096,
                    "description": "",
                    "image_id": "fd8f4m9go0j0tmrb7shu",
                    "name": "root-node03",
                    "size": 10,
                    "snapshot_id": "",
                    "type": "network-ssd"
                  }
                ],
                "mode": "READ_WRITE"
              }
            ],
            "created_at": "2022-02-13T18:24:03Z",
            "description": "",
            "folder_id": "b1g7s4qb8hqp6g3qjesb",
            "fqdn": "node03.netology.yc",
            "hostname": "node03",
            "id": "fhm16ul68i5vjbg3dc55",
            "labels": null,
            "metadata": {
              "ssh-keys": "centos:ssh-rsa AAAAB3NzaC1yc2EAAAADAQABAAABgQDJU8/JNns99Sfx1OaLU/4H5/OmMxN/Puh2uS+ffPa7vkWrzBa3Cdnr5xw9r+QDKiell/EI+0k/C5IODg8dwYwn4txBjh3cka1LatKI8i7rlMabCkHlopbRF4POVt1RfCMyoJTzwavhW7GyTEK+d7VUplRbHhb5b6Ui/XlMH28fCgZKXHsaYvqa8auPb2vkVNxGZmDtYof5XHB/uEPy0tCQdDt2IEWMgd1KmjqoVYRphnXjx96ysAtDbdfXzlpt8fLgGuvIO8v1bscP0opmBKyQi7MjDPW2ABVy5MAg7X0jDhMPuYC6iO7hb13GYTEyAncIOs0aG8cdCL/zEVszlSBcXBpRCo5RmMG/Jl4vZjvJAEnWoqUNQUDDx7beJKWxtV+3/ic+ouY4YJZWfvJHWeP1Wb4pzpIErxli9wQae6WgtR13McW7VouI97OdMEVaeA48WdIA7PF7InPIJQehATRlmZV7OIN2rC1SHhyBCpdb8msAJ0Z8YaHmaYQMeYu5Ug8= k0pec@k0pec-ub\n"
            },
            "name": "node03",
            "network_acceleration_type": "standard",
            "network_interface": [
              {
                "dns_record": [],
                "index": 0,
                "ip_address": "192.168.101.13",
                "ipv4": true,
                "ipv6": false,
                "ipv6_address": "",
                "ipv6_dns_record": [],
                "mac_address": "d0:0d:13:7a:a6:44",
                "nat": true,
                "nat_dns_record": [],
                "nat_ip_address": "130.193.50.238",
                "nat_ip_version": "IPV4",
                "security_group_ids": [],
                "subnet_id": "e9bsrjafl2fu968403rj"
              }
            ],
            "placement_policy": [
              {
                "placement_group_id": ""
              }
            ],
            "platform_id": "standard-v1",
            "resources": [
              {
                "core_fraction": 100,
                "cores": 4,
                "gpus": 0,
                "memory": 8
              }
            ],
            "scheduling_policy": [
              {
                "preemptible": false
              }
            ],
            "secondary_disk": [],
            "service_account_id": "",
            "status": "running",
            "timeouts": null,
            "zone": "ru-central1-a"
          },
          "sensitive_attributes": [],
          "private": "eyJlMmJmYjczMC1lY2FhLTExZTYtOGY4OC0zNDM2M2JjN2M0YzAiOnsiY3JlYXRlIjozMDAwMDAwMDAwMDAsImRlbGV0ZSI6MzAwMDAwMDAwMDAwLCJ1cGRhdGUiOjMwMDAwMDAwMDAwMH0sInNjaGVtYV92ZXJzaW9uIjoiMSJ9",
          "dependencies": [
            "yandex_vpc_network.default",
            "yandex_vpc_subnet.default"
          ]
        }
      ]
    },
    {
      "mode": "managed",
      "type": "yandex_compute_instance",
      "name": "node04",
      "provider": "provider[\"registry.terraform.io/yandex-cloud/yandex\"]",
      "instances": [
        {
          "schema_version": 1,
          "attributes": {
            "allow_stopping_for_update": true,
            "boot_disk": [
              {
                "auto_delete": true,
                "device_name": "fhmi728mvk5ebnc1i6mg",
                "disk_id": "fhmi728mvk5ebnc1i6mg",
                "initialize_params": [
                  {
                    "block_size": 4096,
                    "description": "",
                    "image_id": "fd8f4m9go0j0tmrb7shu",
                    "name": "root-node04",
                    "size": 40,
                    "snapshot_id": "",
                    "type": "network-ssd"
                  }
                ],
                "mode": "READ_WRITE"
              }
            ],
            "created_at": "2022-02-13T18:24:03Z",
            "description": "",
            "folder_id": "b1g7s4qb8hqp6g3qjesb",
            "fqdn": "node04.netology.yc",
            "hostname": "node04",
            "id": "fhm2mp39uffe2n3nivkn",
            "labels": null,
            "metadata": {
              "ssh-keys": "centos:ssh-rsa AAAAB3NzaC1yc2EAAAADAQABAAABgQDJU8/JNns99Sfx1OaLU/4H5/OmMxN/Puh2uS+ffPa7vkWrzBa3Cdnr5xw9r+QDKiell/EI+0k/C5IODg8dwYwn4txBjh3cka1LatKI8i7rlMabCkHlopbRF4POVt1RfCMyoJTzwavhW7GyTEK+d7VUplRbHhb5b6Ui/XlMH28fCgZKXHsaYvqa8auPb2vkVNxGZmDtYof5XHB/uEPy0tCQdDt2IEWMgd1KmjqoVYRphnXjx96ysAtDbdfXzlpt8fLgGuvIO8v1bscP0opmBKyQi7MjDPW2ABVy5MAg7X0jDhMPuYC6iO7hb13GYTEyAncIOs0aG8cdCL/zEVszlSBcXBpRCo5RmMG/Jl4vZjvJAEnWoqUNQUDDx7beJKWxtV+3/ic+ouY4YJZWfvJHWeP1Wb4pzpIErxli9wQae6WgtR13McW7VouI97OdMEVaeA48WdIA7PF7InPIJQehATRlmZV7OIN2rC1SHhyBCpdb8msAJ0Z8YaHmaYQMeYu5Ug8= k0pec@k0pec-ub\n"
            },
            "name": "node04",
            "network_acceleration_type": "standard",
            "network_interface": [
              {
                "dns_record": [],
                "index": 0,
                "ip_address": "192.168.101.14",
                "ipv4": true,
                "ipv6": false,
                "ipv6_address": "",
                "ipv6_dns_record": [],
                "mac_address": "d0:0d:2b:64:69:f3",
                "nat": true,
                "nat_dns_record": [],
                "nat_ip_address": "178.154.203.139",
                "nat_ip_version": "IPV4",
                "security_group_ids": [],
                "subnet_id": "e9bsrjafl2fu968403rj"
              }
            ],
            "placement_policy": [
              {
                "placement_group_id": ""
              }
            ],
            "platform_id": "standard-v1",
            "resources": [
              {
                "core_fraction": 100,
                "cores": 4,
                "gpus": 0,
                "memory": 8
              }
            ],
            "scheduling_policy": [
              {
                "preemptible": false
              }
            ],
            "secondary_disk": [],
            "service_account_id": "",
            "status": "running",
            "timeouts": null,
            "zone": "ru-central1-a"
          },
          "sensitive_attributes": [],
          "private": "eyJlMmJmYjczMC1lY2FhLTExZTYtOGY4OC0zNDM2M2JjN2M0YzAiOnsiY3JlYXRlIjozMDAwMDAwMDAwMDAsImRlbGV0ZSI6MzAwMDAwMDAwMDAwLCJ1cGRhdGUiOjMwMDAwMDAwMDAwMH0sInNjaGVtYV92ZXJzaW9uIjoiMSJ9",
          "dependencies": [
            "yandex_vpc_network.default",
            "yandex_vpc_subnet.default"
          ]
        }
      ]
    },
    {
      "mode": "managed",
      "type": "yandex_compute_instance",
      "name": "node05",
      "provider": "provider[\"registry.terraform.io/yandex-cloud/yandex\"]",
      "instances": [
        {
          "schema_version": 1,
          "attributes": {
            "allow_stopping_for_update": true,
            "boot_disk": [
              {
                "auto_delete": true,
                "device_name": "fhm71rek83t87enl56s8",
                "disk_id": "fhm71rek83t87enl56s8",
                "initialize_params": [
                  {
                    "block_size": 4096,
                    "description": "",
                    "image_id": "fd8f4m9go0j0tmrb7shu",
                    "name": "root-node05",
                    "size": 40,
                    "snapshot_id": "",
                    "type": "network-ssd"
                  }
                ],
                "mode": "READ_WRITE"
              }
            ],
            "created_at": "2022-02-13T18:24:03Z",
            "description": "",
            "folder_id": "b1g7s4qb8hqp6g3qjesb",
            "fqdn": "node05.netology.yc",
            "hostname": "node05",
            "id": "fhm1lov6nnm6dlb0v3ka",
            "labels": null,
            "metadata": {
              "ssh-keys": "centos:ssh-rsa AAAAB3NzaC1yc2EAAAADAQABAAABgQDJU8/JNns99Sfx1OaLU/4H5/OmMxN/Puh2uS+ffPa7vkWrzBa3Cdnr5xw9r+QDKiell/EI+0k/C5IODg8dwYwn4txBjh3cka1LatKI8i7rlMabCkHlopbRF4POVt1RfCMyoJTzwavhW7GyTEK+d7VUplRbHhb5b6Ui/XlMH28fCgZKXHsaYvqa8auPb2vkVNxGZmDtYof5XHB/uEPy0tCQdDt2IEWMgd1KmjqoVYRphnXjx96ysAtDbdfXzlpt8fLgGuvIO8v1bscP0opmBKyQi7MjDPW2ABVy5MAg7X0jDhMPuYC6iO7hb13GYTEyAncIOs0aG8cdCL/zEVszlSBcXBpRCo5RmMG/Jl4vZjvJAEnWoqUNQUDDx7beJKWxtV+3/ic+ouY4YJZWfvJHWeP1Wb4pzpIErxli9wQae6WgtR13McW7VouI97OdMEVaeA48WdIA7PF7InPIJQehATRlmZV7OIN2rC1SHhyBCpdb8msAJ0Z8YaHmaYQMeYu5Ug8= k0pec@k0pec-ub\n"
            },
            "name": "node05",
            "network_acceleration_type": "standard",
            "network_interface": [
              {
                "dns_record": [],
                "index": 0,
                "ip_address": "192.168.101.15",
                "ipv4": true,
                "ipv6": false,
                "ipv6_address": "",
                "ipv6_dns_record": [],
                "mac_address": "d0:0d:1a:e3:e6:bd",
                "nat": true,
                "nat_dns_record": [],
                "nat_ip_address": "84.201.133.42",
                "nat_ip_version": "IPV4",
                "security_group_ids": [],
                "subnet_id": "e9bsrjafl2fu968403rj"
              }
            ],
            "placement_policy": [
              {
                "placement_group_id": ""
              }
            ],
            "platform_id": "standard-v1",
            "resources": [
              {
                "core_fraction": 100,
                "cores": 4,
                "gpus": 0,
                "memory": 8
              }
            ],
            "scheduling_policy": [
              {
                "preemptible": false
              }
            ],
            "secondary_disk": [],
            "service_account_id": "",
            "status": "running",
            "timeouts": null,
            "zone": "ru-central1-a"
          },
          "sensitive_attributes": [],
          "private": "eyJlMmJmYjczMC1lY2FhLTExZTYtOGY4OC0zNDM2M2JjN2M0YzAiOnsiY3JlYXRlIjozMDAwMDAwMDAwMDAsImRlbGV0ZSI6MzAwMDAwMDAwMDAwLCJ1cGRhdGUiOjMwMDAwMDAwMDAwMH0sInNjaGVtYV92ZXJzaW9uIjoiMSJ9",
          "dependencies": [
            "yandex_vpc_network.default",
            "yandex_vpc_subnet.default"
          ]
        }
      ]
    },
    {
      "mode": "managed",
      "type": "yandex_compute_instance",
      "name": "node06",
      "provider": "provider[\"registry.terraform.io/yandex-cloud/yandex\"]",
      "instances": [
        {
          "schema_version": 1,
          "attributes": {
            "allow_stopping_for_update": true,
            "boot_disk": [
              {
                "auto_delete": true,
                "device_name": "fhms58hd12usq9kpuadi",
                "disk_id": "fhms58hd12usq9kpuadi",
                "initialize_params": [
                  {
                    "block_size": 4096,
                    "description": "",
                    "image_id": "fd8f4m9go0j0tmrb7shu",
                    "name": "root-node06",
                    "size": 40,
                    "snapshot_id": "",
                    "type": "network-ssd"
                  }
                ],
                "mode": "READ_WRITE"
              }
            ],
            "created_at": "2022-02-13T18:24:03Z",
            "description": "",
            "folder_id": "b1g7s4qb8hqp6g3qjesb",
            "fqdn": "node06.netology.yc",
            "hostname": "node06",
            "id": "fhms42oitfm3jkmg99e9",
            "labels": null,
            "metadata": {
              "ssh-keys": "centos:ssh-rsa AAAAB3NzaC1yc2EAAAADAQABAAABgQDJU8/JNns99Sfx1OaLU/4H5/OmMxN/Puh2uS+ffPa7vkWrzBa3Cdnr5xw9r+QDKiell/EI+0k/C5IODg8dwYwn4txBjh3cka1LatKI8i7rlMabCkHlopbRF4POVt1RfCMyoJTzwavhW7GyTEK+d7VUplRbHhb5b6Ui/XlMH28fCgZKXHsaYvqa8auPb2vkVNxGZmDtYof5XHB/uEPy0tCQdDt2IEWMgd1KmjqoVYRphnXjx96ysAtDbdfXzlpt8fLgGuvIO8v1bscP0opmBKyQi7MjDPW2ABVy5MAg7X0jDhMPuYC6iO7hb13GYTEyAncIOs0aG8cdCL/zEVszlSBcXBpRCo5RmMG/Jl4vZjvJAEnWoqUNQUDDx7beJKWxtV+3/ic+ouY4YJZWfvJHWeP1Wb4pzpIErxli9wQae6WgtR13McW7VouI97OdMEVaeA48WdIA7PF7InPIJQehATRlmZV7OIN2rC1SHhyBCpdb8msAJ0Z8YaHmaYQMeYu5Ug8= k0pec@k0pec-ub\n"
            },
            "name": "node06",
            "network_acceleration_type": "standard",
            "network_interface": [
              {
                "dns_record": [],
                "index": 0,
                "ip_address": "192.168.101.16",
                "ipv4": true,
                "ipv6": false,
                "ipv6_address": "",
                "ipv6_dns_record": [],
                "mac_address": "d0:0d:1c:20:b1:2e",
                "nat": true,
                "nat_dns_record": [],
                "nat_ip_address": "84.201.159.80",
                "nat_ip_version": "IPV4",
                "security_group_ids": [],
                "subnet_id": "e9bsrjafl2fu968403rj"
              }
            ],
            "placement_policy": [
              {
                "placement_group_id": ""
              }
            ],
            "platform_id": "standard-v1",
            "resources": [
              {
                "core_fraction": 100,
                "cores": 4,
                "gpus": 0,
                "memory": 8
              }
            ],
            "scheduling_policy": [
              {
                "preemptible": false
              }
            ],
            "secondary_disk": [],
            "service_account_id": "",
            "status": "running",
            "timeouts": null,
            "zone": "ru-central1-a"
          },
          "sensitive_attributes": [],
          "private": "eyJlMmJmYjczMC1lY2FhLTExZTYtOGY4OC0zNDM2M2JjN2M0YzAiOnsiY3JlYXRlIjozMDAwMDAwMDAwMDAsImRlbGV0ZSI6MzAwMDAwMDAwMDAwLCJ1cGRhdGUiOjMwMDAwMDAwMDAwMH0sInNjaGVtYV92ZXJzaW9uIjoiMSJ9",
          "dependencies": [
            "yandex_vpc_network.default",
            "yandex_vpc_subnet.default"
          ]
        }
      ]
    },
    {
      "mode": "managed",
      "type": "yandex_vpc_network",
      "name": "default",
      "provider": "provider[\"registry.terraform.io/yandex-cloud/yandex\"]",
      "instances": [
        {
          "schema_version": 0,
          "attributes": {
            "created_at": "2022-02-13T18:24:02Z",
            "default_security_group_id": "",
            "description": "",
            "folder_id": "b1g7s4qb8hqp6g3qjesb",
            "id": "enp33bkpakvo3k3ce7uj",
            "labels": {},
            "name": "net",
            "subnet_ids": [],
            "timeouts": null
          },
          "sensitive_attributes": [],
          "private": "eyJlMmJmYjczMC1lY2FhLTExZTYtOGY4OC0zNDM2M2JjN2M0YzAiOnsiY3JlYXRlIjo2MDAwMDAwMDAwMCwiZGVsZXRlIjo2MDAwMDAwMDAwMCwidXBkYXRlIjo2MDAwMDAwMDAwMH19"
        }
      ]
    },
    {
      "mode": "managed",
      "type": "yandex_vpc_subnet",
      "name": "default",
      "provider": "provider[\"registry.terraform.io/yandex-cloud/yandex\"]",
      "instances": [
        {
          "schema_version": 0,
          "attributes": {
            "created_at": "2022-02-13T18:24:02Z",
            "description": "",
            "dhcp_options": [],
            "folder_id": "b1g7s4qb8hqp6g3qjesb",
            "id": "e9bsrjafl2fu968403rj",
            "labels": {},
            "name": "subnet",
            "network_id": "enp33bkpakvo3k3ce7uj",
            "route_table_id": "",
            "timeouts": null,
            "v4_cidr_blocks": [
              "192.168.101.0/24"
            ],
            "v6_cidr_blocks": [],
            "zone": "ru-central1-a"
          },
          "sensitive_attributes": [],
          "private": "eyJlMmJmYjczMC1lY2FhLTExZTYtOGY4OC0zNDM2M2JjN2M0YzAiOnsiY3JlYXRlIjoxODAwMDAwMDAwMDAsImRlbGV0ZSI6MTgwMDAwMDAwMDAwLCJ1cGRhdGUiOjE4MDAwMDAwMDAwMH19",
          "dependencies": [
            "yandex_vpc_network.default"
          ]
        }
      ]
    }
  ]
}
